
Microsoft Visual Studio Solution File, Format Version 12.00
Project("{2150E333-8FDC-42A3-9474-1A3956D46DE8}") = "0-ControllerBased", "0-ControllerBased", "{F494A695-F65A-4E1C-9170-8A58DC935817}"
EndProject
Project("{2150E333-8FDC-42A3-9474-1A3956D46DE8}") = "1-BasicMinimalApi", "1-BasicMinimalApi", "{23CAACFE-536F-45EC-A71C-50E38CEC35A8}"
EndProject
Project("{2150E333-8FDC-42A3-9474-1A3956D46DE8}") = "3-Structured", "3-Structured", "{2217CCE0-DEAF-4503-BDCD-E7F29BBC073B}"
EndProject
Project("{2150E333-8FDC-42A3-9474-1A3956D46DE8}") = "4-Scanning", "4-Scanning", "{E2288F94-4DC1-493F-A28F-FF0C9DE9EAA3}"
EndProject
Project("{2150E333-8FDC-42A3-9474-1A3956D46DE8}") = "5-Repr", "5-Repr", "{0509C248-E7E6-434F-B8FB-244DC8287364}"
EndProject
Project("{FAE04EC0-301F-11D3-BF4B-00C04F79EFBC}") = "ControllerBasedApi", "0-ControllerBased\ControllerBasedApi\ControllerBasedApi.csproj", "{CE2C0392-59CC-4C09-9335-A2A2BE5222D3}"
EndProject
Project("{FAE04EC0-301F-11D3-BF4B-00C04F79EFBC}") = "BasicMinimalApi", "1-BasicMinimalApi\BasicMinimalApi\BasicMinimalApi.csproj", "{BD4F7CEC-70DA-40CF-A972-CFB7B7550FB2}"
EndProject
Project("{2150E333-8FDC-42A3-9474-1A3956D46DE8}") = "2-SwaggerIntegration", "2-SwaggerIntegration", "{B6F10119-6D48-4604-BA64-1ADE0A19725E}"
EndProject
Project("{FAE04EC0-301F-11D3-BF4B-00C04F79EFBC}") = "MinimalApiSwagger", "2-SwaggerIntegration\MinimalApiSwagger\MinimalApiSwagger.csproj", "{A86E33EE-5D0D-4D21-BEC3-52393594AA4B}"
EndProject
Project("{FAE04EC0-301F-11D3-BF4B-00C04F79EFBC}") = "StructuredMinimalApi", "3-Structured\StructuredMinimalApi\StructuredMinimalApi.csproj", "{6883D451-3D62-479D-9C4A-737177FC96C5}"
EndProject
Project("{FAE04EC0-301F-11D3-BF4B-00C04F79EFBC}") = "MinimalApiWithScanning", "4-Scanning\MinimalApiWithScanning\MinimalApiWithScanning.csproj", "{13AFDC87-9B3A-4532-9B75-D3E655D91BC4}"
EndProject
Global
	GlobalSection(SolutionConfigurationPlatforms) = preSolution
		Debug|Any CPU = Debug|Any CPU
		Release|Any CPU = Release|Any CPU
	EndGlobalSection
	GlobalSection(NestedProjects) = preSolution
		{CE2C0392-59CC-4C09-9335-A2A2BE5222D3} = {F494A695-F65A-4E1C-9170-8A58DC935817}
		{BD4F7CEC-70DA-40CF-A972-CFB7B7550FB2} = {23CAACFE-536F-45EC-A71C-50E38CEC35A8}
		{A86E33EE-5D0D-4D21-BEC3-52393594AA4B} = {B6F10119-6D48-4604-BA64-1ADE0A19725E}
		{6883D451-3D62-479D-9C4A-737177FC96C5} = {2217CCE0-DEAF-4503-BDCD-E7F29BBC073B}
		{13AFDC87-9B3A-4532-9B75-D3E655D91BC4} = {E2288F94-4DC1-493F-A28F-FF0C9DE9EAA3}
	EndGlobalSection
	GlobalSection(ProjectConfigurationPlatforms) = postSolution
		{CE2C0392-59CC-4C09-9335-A2A2BE5222D3}.Debug|Any CPU.ActiveCfg = Debug|Any CPU
		{CE2C0392-59CC-4C09-9335-A2A2BE5222D3}.Debug|Any CPU.Build.0 = Debug|Any CPU
		{CE2C0392-59CC-4C09-9335-A2A2BE5222D3}.Release|Any CPU.ActiveCfg = Release|Any CPU
		{CE2C0392-59CC-4C09-9335-A2A2BE5222D3}.Release|Any CPU.Build.0 = Release|Any CPU
		{BD4F7CEC-70DA-40CF-A972-CFB7B7550FB2}.Debug|Any CPU.ActiveCfg = Debug|Any CPU
		{BD4F7CEC-70DA-40CF-A972-CFB7B7550FB2}.Debug|Any CPU.Build.0 = Debug|Any CPU
		{BD4F7CEC-70DA-40CF-A972-CFB7B7550FB2}.Release|Any CPU.ActiveCfg = Release|Any CPU
		{BD4F7CEC-70DA-40CF-A972-CFB7B7550FB2}.Release|Any CPU.Build.0 = Release|Any CPU
		{A86E33EE-5D0D-4D21-BEC3-52393594AA4B}.Debug|Any CPU.ActiveCfg = Debug|Any CPU
		{A86E33EE-5D0D-4D21-BEC3-52393594AA4B}.Debug|Any CPU.Build.0 = Debug|Any CPU
		{A86E33EE-5D0D-4D21-BEC3-52393594AA4B}.Release|Any CPU.ActiveCfg = Release|Any CPU
		{A86E33EE-5D0D-4D21-BEC3-52393594AA4B}.Release|Any CPU.Build.0 = Release|Any CPU
		{6883D451-3D62-479D-9C4A-737177FC96C5}.Debug|Any CPU.ActiveCfg = Debug|Any CPU
		{6883D451-3D62-479D-9C4A-737177FC96C5}.Debug|Any CPU.Build.0 = Debug|Any CPU
		{6883D451-3D62-479D-9C4A-737177FC96C5}.Release|Any CPU.ActiveCfg = Release|Any CPU
		{6883D451-3D62-479D-9C4A-737177FC96C5}.Release|Any CPU.Build.0 = Release|Any CPU
		{13AFDC87-9B3A-4532-9B75-D3E655D91BC4}.Debug|Any CPU.ActiveCfg = Debug|Any CPU
		{13AFDC87-9B3A-4532-9B75-D3E655D91BC4}.Debug|Any CPU.Build.0 = Debug|Any CPU
		{13AFDC87-9B3A-4532-9B75-D3E655D91BC4}.Release|Any CPU.ActiveCfg = Release|Any CPU
		{13AFDC87-9B3A-4532-9B75-D3E655D91BC4}.Release|Any CPU.Build.0 = Release|Any CPU
	EndGlobalSection
EndGlobal
